// !$*UTF8*$!
{
	archiveVersion = 1;
	classes = {
	};
	objectVersion = 46;
	objects = {

/* Begin PBXBuildFile section */
		06B128391BDF24D2001FBC40 /* main.m in Sources */ = {isa = PBXBuildFile; fileRef = 06B128381BDF24D2001FBC40 /* main.m */; };
		06B1283C1BDF24D2001FBC40 /* AppDelegate.m in Sources */ = {isa = PBXBuildFile; fileRef = 06B1283B1BDF24D2001FBC40 /* AppDelegate.m */; };
		06B1283F1BDF24D2001FBC40 /* ViewController.m in Sources */ = {isa = PBXBuildFile; fileRef = 06B1283E1BDF24D2001FBC40 /* ViewController.m */; };
		06B128421BDF24D2001FBC40 /* Main.storyboard in Resources */ = {isa = PBXBuildFile; fileRef = 06B128401BDF24D2001FBC40 /* Main.storyboard */; };
		06B128441BDF24D2001FBC40 /* Assets.xcassets in Resources */ = {isa = PBXBuildFile; fileRef = 06B128431BDF24D2001FBC40 /* Assets.xcassets */; };
		06B128471BDF24D2001FBC40 /* LaunchScreen.storyboard in Resources */ = {isa = PBXBuildFile; fileRef = 06B128451BDF24D2001FBC40 /* LaunchScreen.storyboard */; };
		06B128521BDF24D2001FBC40 /* XcodeConfigDemoTests.m in Sources */ = {isa = PBXBuildFile; fileRef = 06B128511BDF24D2001FBC40 /* XcodeConfigDemoTests.m */; };
		06B1285D1BDF24D2001FBC40 /* XcodeConfigDemoUITests.m in Sources */ = {isa = PBXBuildFile; fileRef = 06B1285C1BDF24D2001FBC40 /* XcodeConfigDemoUITests.m */; };
/* End PBXBuildFile section */

/* Begin PBXContainerItemProxy section */
		06B1284E1BDF24D2001FBC40 /* PBXContainerItemProxy */ = {
			isa = PBXContainerItemProxy;
			containerPortal = 06B1282C1BDF24D2001FBC40 /* Project object */;
			proxyType = 1;
			remoteGlobalIDString = 06B128331BDF24D2001FBC40;
			remoteInfo = XcodeConfigDemo;
		};
		06B128591BDF24D2001FBC40 /* PBXContainerItemProxy */ = {
			isa = PBXContainerItemProxy;
			containerPortal = 06B1282C1BDF24D2001FBC40 /* Project object */;
			proxyType = 1;
			remoteGlobalIDString = 06B128331BDF24D2001FBC40;
			remoteInfo = XcodeConfigDemo;
		};
/* End PBXContainerItemProxy section */

/* Begin PBXFileReference section */
		06B128341BDF24D2001FBC40 /* XcodeConfigDemo.app */ = {isa = PBXFileReference; explicitFileType = wrapper.application; includeInIndex = 0; path = XcodeConfigDemo.app; sourceTree = BUILT_PRODUCTS_DIR; };
		06B128381BDF24D2001FBC40 /* main.m */ = {isa = PBXFileReference; lastKnownFileType = sourcecode.c.objc; path = main.m; sourceTree = "<group>"; };
		06B1283A1BDF24D2001FBC40 /* AppDelegate.h */ = {isa = PBXFileReference; lastKnownFileType = sourcecode.c.h; path = AppDelegate.h; sourceTree = "<group>"; };
		06B1283B1BDF24D2001FBC40 /* AppDelegate.m */ = {isa = PBXFileReference; lastKnownFileType = sourcecode.c.objc; path = AppDelegate.m; sourceTree = "<group>"; };
		06B1283D1BDF24D2001FBC40 /* ViewController.h */ = {isa = PBXFileReference; lastKnownFileType = sourcecode.c.h; path = ViewController.h; sourceTree = "<group>"; };
		06B1283E1BDF24D2001FBC40 /* ViewController.m */ = {isa = PBXFileReference; lastKnownFileType = sourcecode.c.objc; path = ViewController.m; sourceTree = "<group>"; };
		06B128411BDF24D2001FBC40 /* Base */ = {isa = PBXFileReference; lastKnownFileType = file.storyboard; name = Base; path = Base.lproj/Main.storyboard; sourceTree = "<group>"; };
		06B128431BDF24D2001FBC40 /* Assets.xcassets */ = {isa = PBXFileReference; lastKnownFileType = folder.assetcatalog; path = Assets.xcassets; sourceTree = "<group>"; };
		06B128461BDF24D2001FBC40 /* Base */ = {isa = PBXFileReference; lastKnownFileType = file.storyboard; name = Base; path = Base.lproj/LaunchScreen.storyboard; sourceTree = "<group>"; };
		06B128481BDF24D2001FBC40 /* Info.plist */ = {isa = PBXFileReference; lastKnownFileType = text.plist.xml; path = Info.plist; sourceTree = "<group>"; };
		06B1284D1BDF24D2001FBC40 /* XcodeConfigDemoTests.xctest */ = {isa = PBXFileReference; explicitFileType = wrapper.cfbundle; includeInIndex = 0; path = XcodeConfigDemoTests.xctest; sourceTree = BUILT_PRODUCTS_DIR; };
		06B128511BDF24D2001FBC40 /* XcodeConfigDemoTests.m */ = {isa = PBXFileReference; lastKnownFileType = sourcecode.c.objc; path = XcodeConfigDemoTests.m; sourceTree = "<group>"; };
		06B128531BDF24D2001FBC40 /* Info.plist */ = {isa = PBXFileReference; lastKnownFileType = text.plist.xml; path = Info.plist; sourceTree = "<group>"; };
		06B128581BDF24D2001FBC40 /* XcodeConfigDemoUITests.xctest */ = {isa = PBXFileReference; explicitFileType = wrapper.cfbundle; includeInIndex = 0; path = XcodeConfigDemoUITests.xctest; sourceTree = BUILT_PRODUCTS_DIR; };
		06B1285C1BDF24D2001FBC40 /* XcodeConfigDemoUITests.m */ = {isa = PBXFileReference; lastKnownFileType = sourcecode.c.objc; path = XcodeConfigDemoUITests.m; sourceTree = "<group>"; };
		06B1285E1BDF24D2001FBC40 /* Info.plist */ = {isa = PBXFileReference; lastKnownFileType = text.plist.xml; path = Info.plist; sourceTree = "<group>"; };
		06B128721BDF2566001FBC40 /* Settings-Production.plist */ = {isa = PBXFileReference; fileEncoding = 4; lastKnownFileType = text.plist.xml; path = "Settings-Production.plist"; sourceTree = "<group>"; };
		06B128741BDF2593001FBC40 /* Settings-Development.plist */ = {isa = PBXFileReference; fileEncoding = 4; lastKnownFileType = text.plist.xml; path = "Settings-Development.plist"; sourceTree = "<group>"; };
/* End PBXFileReference section */

/* Begin PBXFrameworksBuildPhase section */
		06B128311BDF24D2001FBC40 /* Frameworks */ = {
			isa = PBXFrameworksBuildPhase;
			buildActionMask = 2147483647;
			files = (
			);
			runOnlyForDeploymentPostprocessing = 0;
		};
		06B1284A1BDF24D2001FBC40 /* Frameworks */ = {
			isa = PBXFrameworksBuildPhase;
			buildActionMask = 2147483647;
			files = (
			);
			runOnlyForDeploymentPostprocessing = 0;
		};
		06B128551BDF24D2001FBC40 /* Frameworks */ = {
			isa = PBXFrameworksBuildPhase;
			buildActionMask = 2147483647;
			files = (
			);
			runOnlyForDeploymentPostprocessing = 0;
		};
/* End PBXFrameworksBuildPhase section */

/* Begin PBXGroup section */
		06B1282B1BDF24D2001FBC40 = {
			isa = PBXGroup;
			children = (
				06B128741BDF2593001FBC40 /* Settings-Development.plist */,
				06B128721BDF2566001FBC40 /* Settings-Production.plist */,
				06B128361BDF24D2001FBC40 /* XcodeConfigDemo */,
				06B128501BDF24D2001FBC40 /* XcodeConfigDemoTests */,
				06B1285B1BDF24D2001FBC40 /* XcodeConfigDemoUITests */,
				06B128351BDF24D2001FBC40 /* Products */,
			);
			sourceTree = "<group>";
		};
		06B128351BDF24D2001FBC40 /* Products */ = {
			isa = PBXGroup;
			children = (
				06B128341BDF24D2001FBC40 /* XcodeConfigDemo.app */,
				06B1284D1BDF24D2001FBC40 /* XcodeConfigDemoTests.xctest */,
				06B128581BDF24D2001FBC40 /* XcodeConfigDemoUITests.xctest */,
			);
			name = Products;
			sourceTree = "<group>";
		};
		06B128361BDF24D2001FBC40 /* XcodeConfigDemo */ = {
			isa = PBXGroup;
			children = (
				06B1283A1BDF24D2001FBC40 /* AppDelegate.h */,
				06B1283B1BDF24D2001FBC40 /* AppDelegate.m */,
				06B1283D1BDF24D2001FBC40 /* ViewController.h */,
				06B1283E1BDF24D2001FBC40 /* ViewController.m */,
				06B128401BDF24D2001FBC40 /* Main.storyboard */,
				06B128431BDF24D2001FBC40 /* Assets.xcassets */,
				06B128451BDF24D2001FBC40 /* LaunchScreen.storyboard */,
				06B128481BDF24D2001FBC40 /* Info.plist */,
				06B128371BDF24D2001FBC40 /* Supporting Files */,
			);
			path = XcodeConfigDemo;
			sourceTree = "<group>";
		};
		06B128371BDF24D2001FBC40 /* Supporting Files */ = {
			isa = PBXGroup;
			children = (
				06B128381BDF24D2001FBC40 /* main.m */,
			);
			name = "Supporting Files";
			sourceTree = "<group>";
		};
		06B128501BDF24D2001FBC40 /* XcodeConfigDemoTests */ = {
			isa = PBXGroup;
			children = (
				06B128511BDF24D2001FBC40 /* XcodeConfigDemoTests.m */,
				06B128531BDF24D2001FBC40 /* Info.plist */,
			);
			path = XcodeConfigDemoTests;
			sourceTree = "<group>";
		};
		06B1285B1BDF24D2001FBC40 /* XcodeConfigDemoUITests */ = {
			isa = PBXGroup;
			children = (
				06B1285C1BDF24D2001FBC40 /* XcodeConfigDemoUITests.m */,
				06B1285E1BDF24D2001FBC40 /* Info.plist */,
			);
			path = XcodeConfigDemoUITests;
			sourceTree = "<group>";
		};
/* End PBXGroup section */

/* Begin PBXNativeTarget section */
		06B128331BDF24D2001FBC40 /* XcodeConfigDemo */ = {
			isa = PBXNativeTarget;
			buildConfigurationList = 06B128611BDF24D2001FBC40 /* Build configuration list for PBXNativeTarget "XcodeConfigDemo" */;
			buildPhases = (
				06B128301BDF24D2001FBC40 /* Sources */,
				06B128311BDF24D2001FBC40 /* Frameworks */,
				06B128321BDF24D2001FBC40 /* Resources */,
				06B128761BDF2669001FBC40 /* ShellScript */,
			);
			buildRules = (
			);
			dependencies = (
			);
			name = XcodeConfigDemo;
			productName = XcodeConfigDemo;
			productReference = 06B128341BDF24D2001FBC40 /* XcodeConfigDemo.app */;
			productType = "com.apple.product-type.application";
		};
		06B1284C1BDF24D2001FBC40 /* XcodeConfigDemoTests */ = {
			isa = PBXNativeTarget;
			buildConfigurationList = 06B128641BDF24D2001FBC40 /* Build configuration list for PBXNativeTarget "XcodeConfigDemoTests" */;
			buildPhases = (
				06B128491BDF24D2001FBC40 /* Sources */,
				06B1284A1BDF24D2001FBC40 /* Frameworks */,
				06B1284B1BDF24D2001FBC40 /* Resources */,
			);
			buildRules = (
			);
			dependencies = (
				06B1284F1BDF24D2001FBC40 /* PBXTargetDependency */,
			);
			name = XcodeConfigDemoTests;
			productName = XcodeConfigDemoTests;
			productReference = 06B1284D1BDF24D2001FBC40 /* XcodeConfigDemoTests.xctest */;
			productType = "com.apple.product-type.bundle.unit-test";
		};
		06B128571BDF24D2001FBC40 /* XcodeConfigDemoUITests */ = {
			isa = PBXNativeTarget;
			buildConfigurationList = 06B128671BDF24D2001FBC40 /* Build configuration list for PBXNativeTarget "XcodeConfigDemoUITests" */;
			buildPhases = (
				06B128541BDF24D2001FBC40 /* Sources */,
				06B128551BDF24D2001FBC40 /* Frameworks */,
				06B128561BDF24D2001FBC40 /* Resources */,
			);
			buildRules = (
			);
			dependencies = (
				06B1285A1BDF24D2001FBC40 /* PBXTargetDependency */,
			);
			name = XcodeConfigDemoUITests;
			productName = XcodeConfigDemoUITests;
			productReference = 06B128581BDF24D2001FBC40 /* XcodeConfigDemoUITests.xctest */;
			productType = "com.apple.product-type.bundle.ui-testing";
		};
/* End PBXNativeTarget section */

/* Begin PBXProject section */
		06B1282C1BDF24D2001FBC40 /* Project object */ = {
			isa = PBXProject;
			attributes = {
				LastUpgradeCheck = 0700;
				ORGANIZATIONNAME = Oradt;
				TargetAttributes = {
					06B128331BDF24D2001FBC40 = {
						CreatedOnToolsVersion = 7.0;
						DevelopmentTeam = DC3DP2UZ7D;
					};
					06B1284C1BDF24D2001FBC40 = {
						CreatedOnToolsVersion = 7.0;
						TestTargetID = 06B128331BDF24D2001FBC40;
					};
					06B128571BDF24D2001FBC40 = {
						CreatedOnToolsVersion = 7.0;
						TestTargetID = 06B128331BDF24D2001FBC40;
					};
				};
			};
			buildConfigurationList = 06B1282F1BDF24D2001FBC40 /* Build configuration list for PBXProject "XcodeConfigDemo" */;
			compatibilityVersion = "Xcode 3.2";
			developmentRegion = English;
			hasScannedForEncodings = 0;
			knownRegions = (
				en,
				Base,
			);
			mainGroup = 06B1282B1BDF24D2001FBC40;
			productRefGroup = 06B128351BDF24D2001FBC40 /* Products */;
			projectDirPath = "";
			projectRoot = "";
			targets = (
				06B128331BDF24D2001FBC40 /* XcodeConfigDemo */,
				06B1284C1BDF24D2001FBC40 /* XcodeConfigDemoTests */,
				06B128571BDF24D2001FBC40 /* XcodeConfigDemoUITests */,
			);
		};
/* End PBXProject section */

/* Begin PBXResourcesBuildPhase section */
		06B128321BDF24D2001FBC40 /* Resources */ = {
			isa = PBXResourcesBuildPhase;
			buildActionMask = 2147483647;
			files = (
				06B128471BDF24D2001FBC40 /* LaunchScreen.storyboard in Resources */,
				06B128441BDF24D2001FBC40 /* Assets.xcassets in Resources */,
				06B128421BDF24D2001FBC40 /* Main.storyboard in Resources */,
			);
			runOnlyForDeploymentPostprocessing = 0;
		};
		06B1284B1BDF24D2001FBC40 /* Resources */ = {
			isa = PBXResourcesBuildPhase;
			buildActionMask = 2147483647;
			files = (
			);
			runOnlyForDeploymentPostprocessing = 0;
		};
		06B128561BDF24D2001FBC40 /* Resources */ = {
			isa = PBXResourcesBuildPhase;
			buildActionMask = 2147483647;
			files = (
			);
			runOnlyForDeploymentPostprocessing = 0;
		};
/* End PBXResourcesBuildPhase section */

/* Begin PBXShellScriptBuildPhase section */
		06B128761BDF2669001FBC40 /* ShellScript */ = {
			isa = PBXShellScriptBuildPhase;
			buildActionMask = 2147483647;
			files = (
			);
			inputPaths = (
			);
			outputPaths = (
			);
			runOnlyForDeploymentPostprocessing = 0;
			shellPath = /bin/sh;
			shellScript = "if [ \"${CONFIGURATION}\" == \"Development\" ]; then\ncp -r \"${PROJECT_DIR}/Settings-Development.plist\" \"${BUILT_PRODUCTS_DIR}/${PRODUCT_NAME}.app/Settings.plist\"\nelif [ \"${CONFIGURATION}\" == \"Production\" ]; then\ncp -r \"${PROJECT_DIR}/Settings-Production.plist\" \"${BUILT_PRODUCTS_DIR}/${PRODUCT_NAME}.app/Settings.plist\"\necho \"Production plists copied\"\nfi";
		};
/* End PBXShellScriptBuildPhase section */

/* Begin PBXSourcesBuildPhase section */
		06B128301BDF24D2001FBC40 /* Sources */ = {
			isa = PBXSourcesBuildPhase;
			buildActionMask = 2147483647;
			files = (
				06B1283F1BDF24D2001FBC40 /* ViewController.m in Sources */,
				06B1283C1BDF24D2001FBC40 /* AppDelegate.m in Sources */,
				06B128391BDF24D2001FBC40 /* main.m in Sources */,
			);
			runOnlyForDeploymentPostprocessing = 0;
		};
		06B128491BDF24D2001FBC40 /* Sources */ = {
			isa = PBXSourcesBuildPhase;
			buildActionMask = 2147483647;
			files = (
				06B128521BDF24D2001FBC40 /* XcodeConfigDemoTests.m in Sources */,
			);
			runOnlyForDeploymentPostprocessing = 0;
		};
		06B128541BDF24D2001FBC40 /* Sources */ = {
			isa = PBXSourcesBuildPhase;
			buildActionMask = 2147483647;
			files = (
				06B1285D1BDF24D2001FBC40 /* XcodeConfigDemoUITests.m in Sources */,
			);
			runOnlyForDeploymentPostprocessing = 0;
		};
/* End PBXSourcesBuildPhase section */

/* Begin PBXTargetDependency section */
		06B1284F1BDF24D2001FBC40 /* PBXTargetDependency */ = {
			isa = PBXTargetDependency;
			target = 06B128331BDF24D2001FBC40 /* XcodeConfigDemo */;
			targetProxy = 06B1284E1BDF24D2001FBC40 /* PBXContainerItemProxy */;
		};
		06B1285A1BDF24D2001FBC40 /* PBXTargetDependency */ = {
			isa = PBXTargetDependency;
			target = 06B128331BDF24D2001FBC40 /* XcodeConfigDemo */;
			targetProxy = 06B128591BDF24D2001FBC40 /* PBXContainerItemProxy */;
		};
/* End PBXTargetDependency section */

/* Begin PBXVariantGroup section */
		06B128401BDF24D2001FBC40 /* Main.storyboard */ = {
			isa = PBXVariantGroup;
			children = (
				06B128411BDF24D2001FBC40 /* Base */,
			);
			name = Main.storyboard;
			sourceTree = "<group>";
		};
		06B128451BDF24D2001FBC40 /* LaunchScreen.storyboard */ = {
			isa = PBXVariantGroup;
			children = (
				06B128461BDF24D2001FBC40 /* Base */,
			);
			name = LaunchScreen.storyboard;
			sourceTree = "<group>";
		};
/* End PBXVariantGroup section */

/* Begin XCBuildConfiguration section */
		06B1286A1BDF24EE001FBC40 /* Development */ = {
			isa = XCBuildConfiguration;
			buildSettings = {
				ALWAYS_SEARCH_USER_PATHS = NO;
				CLANG_CXX_LANGUAGE_STANDARD = "gnu++0x";
				CLANG_CXX_LIBRARY = "libc++";
				CLANG_ENABLE_MODULES = YES;
				CLANG_ENABLE_OBJC_ARC = YES;
				CLANG_WARN_BOOL_CONVERSION = YES;
				CLANG_WARN_CONSTANT_CONVERSION = YES;
				CLANG_WARN_DIRECT_OBJC_ISA_USAGE = YES_ERROR;
				CLANG_WARN_EMPTY_BODY = YES;
				CLANG_WARN_ENUM_CONVERSION = YES;
				CLANG_WARN_INT_CONVERSION = YES;
				CLANG_WARN_OBJC_ROOT_CLASS = YES_ERROR;
				CLANG_WARN_UNREACHABLE_CODE = YES;
				CLANG_WARN__DUPLICATE_METHOD_MATCH = YES;
				"CODE_SIGN_IDENTITY[sdk=iphoneos*]" = "iPhone Developer";
				COPY_PHASE_STRIP = NO;
				DEBUG_INFORMATION_FORMAT = dwarf;
				ENABLE_STRICT_OBJC_MSGSEND = YES;
				ENABLE_TESTABILITY = YES;
				GCC_C_LANGUAGE_STANDARD = gnu99;
				GCC_DYNAMIC_NO_PIC = NO;
				GCC_NO_COMMON_BLOCKS = YES;
				GCC_OPTIMIZATION_LEVEL = 0;
				GCC_PREPROCESSOR_DEFINITIONS = (
					"DEBUG=1",
					"$(inherited)",
				);
				GCC_WARN_64_TO_32_BIT_CONVERSION = YES;
				GCC_WARN_ABOUT_RETURN_TYPE = YES_ERROR;
				GCC_WARN_UNDECLARED_SELECTOR = YES;
				GCC_WARN_UNINITIALIZED_AUTOS = YES_AGGRESSIVE;
				GCC_WARN_UNUSED_FUNCTION = YES;
				GCC_WARN_UNUSED_VARIABLE = YES;
				IPHONEOS_DEPLOYMENT_TARGET = 8.0;
				MTL_ENABLE_DEBUG_INFO = YES;
				ONLY_ACTIVE_ARCH = YES;
				SDKROOT = iphoneos;
			};
			name = Development;
		};
		06B1286B1BDF24EE001FBC40 /* Development */ = {
			isa = XCBuildConfiguration;
			buildSettings = {
				ASSETCATALOG_COMPILER_APPICON_NAME = AppIcon;
				CODE_SIGN_IDENTITY = "iPhone Developer";
				INFOPLIST_FILE = XcodeConfigDemo/Info.plist;
				LD_RUNPATH_SEARCH_PATHS = "$(inherited) @executable_path/Frameworks";
				PRODUCT_BUNDLE_IDENTIFIER = com.oradt.youkong;
				PRODUCT_NAME = "$(TARGET_NAME)";
			};
			name = Development;
		};
		06B1286C1BDF24EE001FBC40 /* Development */ = {
			isa = XCBuildConfiguration;
			buildSettings = {
				BUNDLE_LOADER = "$(TEST_HOST)";
				INFOPLIST_FILE = XcodeConfigDemoTests/Info.plist;
				LD_RUNPATH_SEARCH_PATHS = "$(inherited) @executable_path/Frameworks @loader_path/Frameworks";
				PRODUCT_BUNDLE_IDENTIFIER = com.oradt.youkong.XcodeConfigDemoTests;
				PRODUCT_NAME = "$(TARGET_NAME)";
				TEST_HOST = "$(BUILT_PRODUCTS_DIR)/XcodeConfigDemo.app/XcodeConfigDemo";
			};
			name = Development;
		};
		06B1286D1BDF24EE001FBC40 /* Development */ = {
			isa = XCBuildConfiguration;
			buildSettings = {
				INFOPLIST_FILE = XcodeConfigDemoUITests/Info.plist;
				LD_RUNPATH_SEARCH_PATHS = "$(inherited) @executable_path/Frameworks @loader_path/Frameworks";
				PRODUCT_BUNDLE_IDENTIFIER = com.oradt.youkong.XcodeConfigDemoUITests;
				PRODUCT_NAME = "$(TARGET_NAME)";
				TEST_TARGET_NAME = XcodeConfigDemo;
				USES_XCTRUNNER = YES;
			};
			name = Development;
		};
		06B1286E1BDF251F001FBC40 /* Production */ = {
			isa = XCBuildConfiguration;
			buildSettings = {
				ALWAYS_SEARCH_USER_PATHS = NO;
				CLANG_CXX_LANGUAGE_STANDARD = "gnu++0x";
				CLANG_CXX_LIBRARY = "libc++";
				CLANG_ENABLE_MODULES = YES;
				CLANG_ENABLE_OBJC_ARC = YES;
				CLANG_WARN_BOOL_CONVERSION = YES;
				CLANG_WARN_CONSTANT_CONVERSION = YES;
				CLANG_WARN_DIRECT_OBJC_ISA_USAGE = YES_ERROR;
				CLANG_WARN_EMPTY_BODY = YES;
				CLANG_WARN_ENUM_CONVERSION = YES;
				CLANG_WARN_INT_CONVERSION = YES;
				CLANG_WARN_OBJC_ROOT_CLASS = YES_ERROR;
				CLANG_WARN_UNREACHABLE_CODE = YES;
				CLANG_WARN__DUPLICATE_METHOD_MATCH = YES;
				"CODE_SIGN_IDENTITY[sdk=iphoneos*]" = "iPhone Developer";
				COPY_PHASE_STRIP = NO;
				DEBUG_INFORMATION_FORMAT = "dwarf-with-dsym";
				ENABLE_NS_ASSERTIONS = NO;
				ENABLE_STRICT_OBJC_MSGSEND = YES;
				GCC_C_LANGUAGE_STANDARD = gnu99;
				GCC_NO_COMMON_BLOCKS = YES;
				GCC_WARN_64_TO_32_BIT_CONVERSION = YES;
				GCC_WARN_ABOUT_RETURN_TYPE = YES_ERROR;
				GCC_WARN_UNDECLARED_SELECTOR = YES;
				GCC_WARN_UNINITIALIZED_AUTOS = YES_AGGRESSIVE;
				GCC_WARN_UNUSED_FUNCTION = YES;
				GCC_WARN_UNUSED_VARIABLE = YES;
				IPHONEOS_DEPLOYMENT_TARGET = 8.0;
				MTL_ENABLE_DEBUG_INFO = NO;
				SDKROOT = iphoneos;
				VALIDATE_PRODUCT = YES;
			};
			name = Production;
		};
		06B1286F1BDF251F001FBC40 /* Production */ = {
			isa = XCBuildConfiguration;
			buildSettings = {
				ASSETCATALOG_COMPILER_APPICON_NAME = AppIcon;
				CODE_SIGN_IDENTITY = "iPhone Developer";
				INFOPLIST_FILE = XcodeConfigDemo/Info.plist;
				LD_RUNPATH_SEARCH_PATHS = "$(inherited) @executable_path/Frameworks";
				PRODUCT_BUNDLE_IDENTIFIER = com.oradt.youkong;
				PRODUCT_NAME = "$(TARGET_NAME)";
			};
			name = Production;
		};
		06B128701BDF251F001FBC40 /* Production */ = {
			isa = XCBuildConfiguration;
			buildSettings = {
				BUNDLE_LOADER = "$(TEST_HOST)";
				INFOPLIST_FILE = XcodeConfigDemoTests/Info.plist;
				LD_RUNPATH_SEARCH_PATHS = "$(inherited) @executable_path/Frameworks @loader_path/Frameworks";
				PRODUCT_BUNDLE_IDENTIFIER = com.oradt.youkong.XcodeConfigDemoTests;
				PRODUCT_NAME = "$(TARGET_NAME)";
				TEST_HOST = "$(BUILT_PRODUCTS_DIR)/XcodeConfigDemo.app/XcodeConfigDemo";
			};
			name = Production;
		};
		06B128711BDF251F001FBC40 /* Production */ = {
			isa = XCBuildConfiguration;
			buildSettings = {
				INFOPLIST_FILE = XcodeConfigDemoUITests/Info.plist;
				LD_RUNPATH_SEARCH_PATHS = "$(inherited) @executable_path/Frameworks @loader_path/Frameworks";
				PRODUCT_BUNDLE_IDENTIFIER = com.oradt.youkong.XcodeConfigDemoUITests;
				PRODUCT_NAME = "$(TARGET_NAME)";
				TEST_TARGET_NAME = XcodeConfigDemo;
				USES_XCTRUNNER = YES;
			};
			name = Production;
		};
/* End XCBuildConfiguration section */

/* Begin XCConfigurationList section */
		06B1282F1BDF24D2001FBC40 /* Build configuration list for PBXProject "XcodeConfigDemo" */ = {
			isa = XCConfigurationList;
			buildConfigurations = (
				06B1286A1BDF24EE001FBC40 /* Development */,
				06B1286E1BDF251F001FBC40 /* Production */,
			);
			defaultConfigurationIsVisible = 0;
			defaultConfigurationName = Development;
		};
		06B128611BDF24D2001FBC40 /* Build configuration list for PBXNativeTarget "XcodeConfigDemo" */ = {
			isa = XCConfigurationList;
			buildConfigurations = (
				06B1286B1BDF24EE001FBC40 /* Development */,
				06B1286F1BDF251F001FBC40 /* Production */,
			);
			defaultConfigurationIsVisible = 0;
			defaultConfigurationName = Development;
		};
		06B128641BDF24D2001FBC40 /* Build configuration list for PBXNativeTarget "XcodeConfigDemoTests" */ = {
			isa = XCConfigurationList;
			buildConfigurations = (
				06B1286C1BDF24EE001FBC40 /* Development */,
				06B128701BDF251F001FBC40 /* Production */,
			);
			defaultConfigurationIsVisible = 0;
			defaultConfigurationName = Development;
		};
		06B128671BDF24D2001FBC40 /* Build configuration list for PBXNativeTarget "XcodeConfigDemoUITests" */ = {
			isa = XCConfigurationList;
			buildConfigurations = (
				06B1286D1BDF24EE001FBC40 /* Development */,
				06B128711BDF251F001FBC40 /* Production */,
			);
			defaultConfigurationIsVisible = 0;
			defaultConfigurationName = Development;
		};
/* End XCConfigurationList section */
	};
	rootObject = 06B1282C1BDF24D2001FBC40 /* Project object */;
}
